
Microsoft Visual Studio Solution File, Format Version 12.00
# Visual Studio Version 17
VisualStudioVersion = 17.10.35013.160
MinimumVisualStudioVersion = 10.0.40219.1
Project("{9A19103F-16F7-4668-BE54-9A1E7A4F7556}") = "HR.API", "HR.API\HR.API.csproj", "{7E38C459-1FCA-4820-87E3-45E56FAD2568}"
EndProject
Project("{9A19103F-16F7-4668-BE54-9A1E7A4F7556}") = "HR.RegistrationProcessing", "HR.RegistrationProcessing\HR.RegistrationProcessing.csproj", "{3CF1ABA0-1BF7-454A-8528-182AE7C4CAD1}"
EndProject
Project("{FAE04EC0-301F-11D3-BF4B-00C04F79EFBC}") = "HR.Domain", "HR.Domain\HR.Domain.csproj", "{607A4D30-5F2F-4659-B0C7-EB016468F8CE}"
EndProject
Project("{FAE04EC0-301F-11D3-BF4B-00C04F79EFBC}") = "HR.Infrastructure", "HR.Infrastructure\HR.Infrastructure.csproj", "{486DC057-DB5F-4FE7-A8C6-E69A7218C521}"
EndProject
Project("{FAE04EC0-301F-11D3-BF4B-00C04F79EFBC}") = "HR.Application", "HR.Application\HR.Application.csproj", "{35C04E9E-B9C5-4DD5-BA47-D2BBE56E2EC3}"
EndProject
Global
	GlobalSection(SolutionConfigurationPlatforms) = preSolution
		Debug|Any CPU = Debug|Any CPU
		Release|Any CPU = Release|Any CPU
	EndGlobalSection
	GlobalSection(ProjectConfigurationPlatforms) = postSolution
		{7E38C459-1FCA-4820-87E3-45E56FAD2568}.Debug|Any CPU.ActiveCfg = Debug|Any CPU
		{7E38C459-1FCA-4820-87E3-45E56FAD2568}.Debug|Any CPU.Build.0 = Debug|Any CPU
		{7E38C459-1FCA-4820-87E3-45E56FAD2568}.Release|Any CPU.ActiveCfg = Release|Any CPU
		{7E38C459-1FCA-4820-87E3-45E56FAD2568}.Release|Any CPU.Build.0 = Release|Any CPU
		{3CF1ABA0-1BF7-454A-8528-182AE7C4CAD1}.Debug|Any CPU.ActiveCfg = Debug|Any CPU
		{3CF1ABA0-1BF7-454A-8528-182AE7C4CAD1}.Debug|Any CPU.Build.0 = Debug|Any CPU
		{3CF1ABA0-1BF7-454A-8528-182AE7C4CAD1}.Release|Any CPU.ActiveCfg = Release|Any CPU
		{3CF1ABA0-1BF7-454A-8528-182AE7C4CAD1}.Release|Any CPU.Build.0 = Release|Any CPU
		{607A4D30-5F2F-4659-B0C7-EB016468F8CE}.Debug|Any CPU.ActiveCfg = Debug|Any CPU
		{607A4D30-5F2F-4659-B0C7-EB016468F8CE}.Debug|Any CPU.Build.0 = Debug|Any CPU
		{607A4D30-5F2F-4659-B0C7-EB016468F8CE}.Release|Any CPU.ActiveCfg = Release|Any CPU
		{607A4D30-5F2F-4659-B0C7-EB016468F8CE}.Release|Any CPU.Build.0 = Release|Any CPU
		{486DC057-DB5F-4FE7-A8C6-E69A7218C521}.Debug|Any CPU.ActiveCfg = Debug|Any CPU
		{486DC057-DB5F-4FE7-A8C6-E69A7218C521}.Debug|Any CPU.Build.0 = Debug|Any CPU
		{486DC057-DB5F-4FE7-A8C6-E69A7218C521}.Release|Any CPU.ActiveCfg = Release|Any CPU
		{486DC057-DB5F-4FE7-A8C6-E69A7218C521}.Release|Any CPU.Build.0 = Release|Any CPU
		{35C04E9E-B9C5-4DD5-BA47-D2BBE56E2EC3}.Debug|Any CPU.ActiveCfg = Debug|Any CPU
		{35C04E9E-B9C5-4DD5-BA47-D2BBE56E2EC3}.Debug|Any CPU.Build.0 = Debug|Any CPU
		{35C04E9E-B9C5-4DD5-BA47-D2BBE56E2EC3}.Release|Any CPU.ActiveCfg = Release|Any CPU
		{35C04E9E-B9C5-4DD5-BA47-D2BBE56E2EC3}.Release|Any CPU.Build.0 = Release|Any CPU
	EndGlobalSection
	GlobalSection(SolutionProperties) = preSolution
		HideSolutionNode = FALSE
	EndGlobalSection
	GlobalSection(ExtensibilityGlobals) = postSolution
		SolutionGuid = {C4927B68-5AE0-4A5D-A901-119BB5B6D3AD}
	EndGlobalSection
EndGlobal
